github.com/lib/pq v1.10.9 h1:YXG7RB+JIjhP29X+OtkiDnYaXQwpS4JEWq7dtCCRUEw=
github.com/lib/pq v1.10.9/go.mod h1:AlVN5x4E4T544tWzH6hKfbfQvm3HdbOxrmggDNAPY9o=
github.com/resend/resend-go/v2 v2.20.0 h1:MrIrgV0aHhwRgmcRPw33Nexn6aGJvCvG2XwfFpAMBGM=
github.com/resend/resend-go/v2 v2.20.0/go.mod h1:3YCb8c8+pLiqhtRFXTyFwlLvfjQtluxOr9HEh2BwCkQ=
